
Microsoft Visual Studio Solution File, Format Version 12.00
# Visual Studio Version 17
VisualStudioVersion = 17.4.33213.308
MinimumVisualStudioVersion = 10.0.40219.1
Project("{FAE04EC0-301F-11D3-BF4B-00C04F79EFBC}") = "AppBuscaCEP.Android", "AppBuscaCEP\AppBuscaCEP.Android\AppBuscaCEP.Android.csproj", "{18533CFF-EEE3-48AF-A9AD-8338D45EC864}"
EndProject
Project("{FAE04EC0-301F-11D3-BF4B-00C04F79EFBC}") = "AppBuscaCEP", "AppBuscaCEP\AppBuscaCEP\AppBuscaCEP.csproj", "{189A1925-00C4-484D-B766-E63EAD23F61B}"
EndProject
Global
	GlobalSection(SolutionConfigurationPlatforms) = preSolution
		Debug|Any CPU = Debug|Any CPU
		Release|Any CPU = Release|Any CPU
	EndGlobalSection
	GlobalSection(ProjectConfigurationPlatforms) = postSolution
		{18533CFF-EEE3-48AF-A9AD-8338D45EC864}.Debug|Any CPU.ActiveCfg = Debug|Any CPU
		{18533CFF-EEE3-48AF-A9AD-8338D45EC864}.Debug|Any CPU.Build.0 = Debug|Any CPU
		{18533CFF-EEE3-48AF-A9AD-8338D45EC864}.Debug|Any CPU.Deploy.0 = Debug|Any CPU
		{18533CFF-EEE3-48AF-A9AD-8338D45EC864}.Release|Any CPU.ActiveCfg = Release|Any CPU
		{18533CFF-EEE3-48AF-A9AD-8338D45EC864}.Release|Any CPU.Build.0 = Release|Any CPU
		{18533CFF-EEE3-48AF-A9AD-8338D45EC864}.Release|Any CPU.Deploy.0 = Release|Any CPU
		{189A1925-00C4-484D-B766-E63EAD23F61B}.Debug|Any CPU.ActiveCfg = Debug|Any CPU
		{189A1925-00C4-484D-B766-E63EAD23F61B}.Debug|Any CPU.Build.0 = Debug|Any CPU
		{189A1925-00C4-484D-B766-E63EAD23F61B}.Debug|Any CPU.Deploy.0 = Debug|Any CPU
		{189A1925-00C4-484D-B766-E63EAD23F61B}.Release|Any CPU.ActiveCfg = Release|Any CPU
		{189A1925-00C4-484D-B766-E63EAD23F61B}.Release|Any CPU.Build.0 = Release|Any CPU
		{189A1925-00C4-484D-B766-E63EAD23F61B}.Release|Any CPU.Deploy.0 = Release|Any CPU
	EndGlobalSection
	GlobalSection(SolutionProperties) = preSolution
		HideSolutionNode = FALSE
	EndGlobalSection
	GlobalSection(ExtensibilityGlobals) = postSolution
		SolutionGuid = {AD74BFB3-30AD-4562-9F0B-37AF239E59AD}
	EndGlobalSection
EndGlobal
